
Microsoft Visual Studio Solution File, Format Version 12.00
# Visual Studio Version 16
VisualStudioVersion = 16.0.28729.10
MinimumVisualStudioVersion = 10.0.40219.1
Project("{FAE04EC0-301F-11D3-BF4B-00C04F79EFBC}") = "ReleVezerles", "ReleVezerles\ReleVezerles.csproj", "{B3F9DCB2-B74E-4FCD-8B5E-6EF7FAA17C4F}"
EndProject
Global
	GlobalSection(SolutionConfigurationPlatforms) = preSolution
		Debug|Any CPU = Debug|Any CPU
		Release|Any CPU = Release|Any CPU
	EndGlobalSection
	GlobalSection(ProjectConfigurationPlatforms) = postSolution
		{B3F9DCB2-B74E-4FCD-8B5E-6EF7FAA17C4F}.Debug|Any CPU.ActiveCfg = Debug|Any CPU
		{B3F9DCB2-B74E-4FCD-8B5E-6EF7FAA17C4F}.Debug|Any CPU.Build.0 = Debug|Any CPU
		{B3F9DCB2-B74E-4FCD-8B5E-6EF7FAA17C4F}.Release|Any CPU.ActiveCfg = Release|Any CPU
		{B3F9DCB2-B74E-4FCD-8B5E-6EF7FAA17C4F}.Release|Any CPU.Build.0 = Release|Any CPU
	EndGlobalSection
	GlobalSection(SolutionProperties) = preSolution
		HideSolutionNode = FALSE
	EndGlobalSection
	GlobalSection(ExtensibilityGlobals) = postSolution
		SolutionGuid = {3348D675-7D17-4289-A27B-2F2921B77149}
	EndGlobalSection
EndGlobal
